
Microsoft Visual Studio Solution File, Format Version 12.00
# Visual Studio Version 17
VisualStudioVersion = 17.1.32414.318
MinimumVisualStudioVersion = 10.0.40219.1
Project("{FAE04EC0-301F-11D3-BF4B-00C04F79EFBC}") = "Northwind.API", "Northwind.API\Northwind.API.csproj", "{2F6BB3E4-27B7-4552-8493-1165A3D360EF}"
EndProject
Project("{FAE04EC0-301F-11D3-BF4B-00C04F79EFBC}") = "Northwind.Core", "Northwind.Core\Northwind.Core.csproj", "{B4904FBA-44DB-480C-91EA-4C7BC93DA648}"
EndProject
Project("{FAE04EC0-301F-11D3-BF4B-00C04F79EFBC}") = "Northwind.Domain", "Northwind.Domain\Northwind.Domain.csproj", "{54CCBC31-3AE1-40E5-BAA6-03608F3423A9}"
EndProject
Project("{FAE04EC0-301F-11D3-BF4B-00C04F79EFBC}") = "Northwind.Infrastructure", "Northwind.Infrastructure\Northwind.Infrastructure.csproj", "{0B7B0857-ADCE-4AD5-A41D-236114D09ABC}"
EndProject
Project("{FAE04EC0-301F-11D3-BF4B-00C04F79EFBC}") = "Northwind.Services", "Northwind.Services\Northwind.Services.csproj", "{6E79BBB7-3F5E-4803-AB1B-B6F9763915F6}"
EndProject
Global
	GlobalSection(SolutionConfigurationPlatforms) = preSolution
		Debug|Any CPU = Debug|Any CPU
		Release|Any CPU = Release|Any CPU
	EndGlobalSection
	GlobalSection(ProjectConfigurationPlatforms) = postSolution
		{2F6BB3E4-27B7-4552-8493-1165A3D360EF}.Debug|Any CPU.ActiveCfg = Debug|Any CPU
		{2F6BB3E4-27B7-4552-8493-1165A3D360EF}.Debug|Any CPU.Build.0 = Debug|Any CPU
		{2F6BB3E4-27B7-4552-8493-1165A3D360EF}.Release|Any CPU.ActiveCfg = Release|Any CPU
		{2F6BB3E4-27B7-4552-8493-1165A3D360EF}.Release|Any CPU.Build.0 = Release|Any CPU
		{B4904FBA-44DB-480C-91EA-4C7BC93DA648}.Debug|Any CPU.ActiveCfg = Debug|Any CPU
		{B4904FBA-44DB-480C-91EA-4C7BC93DA648}.Debug|Any CPU.Build.0 = Debug|Any CPU
		{B4904FBA-44DB-480C-91EA-4C7BC93DA648}.Release|Any CPU.ActiveCfg = Release|Any CPU
		{B4904FBA-44DB-480C-91EA-4C7BC93DA648}.Release|Any CPU.Build.0 = Release|Any CPU
		{54CCBC31-3AE1-40E5-BAA6-03608F3423A9}.Debug|Any CPU.ActiveCfg = Debug|Any CPU
		{54CCBC31-3AE1-40E5-BAA6-03608F3423A9}.Debug|Any CPU.Build.0 = Debug|Any CPU
		{54CCBC31-3AE1-40E5-BAA6-03608F3423A9}.Release|Any CPU.ActiveCfg = Release|Any CPU
		{54CCBC31-3AE1-40E5-BAA6-03608F3423A9}.Release|Any CPU.Build.0 = Release|Any CPU
		{0B7B0857-ADCE-4AD5-A41D-236114D09ABC}.Debug|Any CPU.ActiveCfg = Debug|Any CPU
		{0B7B0857-ADCE-4AD5-A41D-236114D09ABC}.Debug|Any CPU.Build.0 = Debug|Any CPU
		{0B7B0857-ADCE-4AD5-A41D-236114D09ABC}.Release|Any CPU.ActiveCfg = Release|Any CPU
		{0B7B0857-ADCE-4AD5-A41D-236114D09ABC}.Release|Any CPU.Build.0 = Release|Any CPU
		{6E79BBB7-3F5E-4803-AB1B-B6F9763915F6}.Debug|Any CPU.ActiveCfg = Debug|Any CPU
		{6E79BBB7-3F5E-4803-AB1B-B6F9763915F6}.Debug|Any CPU.Build.0 = Debug|Any CPU
		{6E79BBB7-3F5E-4803-AB1B-B6F9763915F6}.Release|Any CPU.ActiveCfg = Release|Any CPU
		{6E79BBB7-3F5E-4803-AB1B-B6F9763915F6}.Release|Any CPU.Build.0 = Release|Any CPU
	EndGlobalSection
	GlobalSection(SolutionProperties) = preSolution
		HideSolutionNode = FALSE
	EndGlobalSection
	GlobalSection(ExtensibilityGlobals) = postSolution
		SolutionGuid = {37A82828-691A-4F1B-98C6-912ECD7B6946}
	EndGlobalSection
EndGlobal
